
Microsoft Visual Studio Solution File, Format Version 12.00
# Visual Studio Version 17
VisualStudioVersion = 17.13.35825.156
MinimumVisualStudioVersion = 10.0.40219.1
Project("{FAE04EC0-301F-11D3-BF4B-00C04F79EFBC}") = "TestMaster", "TestMaster.csproj", "{F195F590-70B6-40BD-BDCC-ADFADBA5F488}"
EndProject
Project("{FAE04EC0-301F-11D3-BF4B-00C04F79EFBC}") = "TestMaster.Tests", "..\TestMaster.Tests\TestMaster.Tests.csproj", "{6331239F-9D25-4269-8F38-568730C4BD45}"
EndProject
Global
	GlobalSection(SolutionConfigurationPlatforms) = preSolution
		Debug|Any CPU = Debug|Any CPU
		Release|Any CPU = Release|Any CPU
	EndGlobalSection
	GlobalSection(ProjectConfigurationPlatforms) = postSolution
		{F195F590-70B6-40BD-BDCC-ADFADBA5F488}.Debug|Any CPU.ActiveCfg = Debug|Any CPU
		{F195F590-70B6-40BD-BDCC-ADFADBA5F488}.Debug|Any CPU.Build.0 = Debug|Any CPU
		{F195F590-70B6-40BD-BDCC-ADFADBA5F488}.Release|Any CPU.ActiveCfg = Release|Any CPU
		{F195F590-70B6-40BD-BDCC-ADFADBA5F488}.Release|Any CPU.Build.0 = Release|Any CPU
		{6331239F-9D25-4269-8F38-568730C4BD45}.Debug|Any CPU.ActiveCfg = Debug|Any CPU
		{6331239F-9D25-4269-8F38-568730C4BD45}.Debug|Any CPU.Build.0 = Debug|Any CPU
		{6331239F-9D25-4269-8F38-568730C4BD45}.Release|Any CPU.ActiveCfg = Release|Any CPU
		{6331239F-9D25-4269-8F38-568730C4BD45}.Release|Any CPU.Build.0 = Release|Any CPU
	EndGlobalSection
	GlobalSection(SolutionProperties) = preSolution
		HideSolutionNode = FALSE
	EndGlobalSection
	GlobalSection(ExtensibilityGlobals) = postSolution
		SolutionGuid = {CFB648F6-44DF-44BF-B37D-F4FD06B9D2A6}
	EndGlobalSection
EndGlobal
